{
  "version": 4,
  "terraform_version": "1.1.2",
  "serial": 1,
  "lineage": "6157949b-a3d5-bd9f-e9ea-0936276916e7",
  "outputs": {},
  "resources": [
    {
      "mode": "managed",
      "type": "linode_instance",
      "name": "nixos",
      "provider": "provider[\"registry.terraform.io/linode/linode\"]",
      "instances": [
        {
          "status": "tainted",
          "schema_version": 0,
          "attributes": {
            "alerts": null,
            "authorized_keys": null,
            "authorized_users": null,
            "backup_id": null,
            "backups": null,
            "backups_enabled": null,
            "boot_config_label": null,
            "config": [
              {
                "comments": "",
                "devices": [
                  {
                    "sda": [
                      {
                        "disk_id": 67628503,
                        "disk_label": "NixOS",
                        "volume_id": 0
                      }
                    ],
                    "sdb": [
                      {
                        "disk_id": 67628494,
                        "disk_label": "Swap",
                        "volume_id": 0
                      }
                    ],
                    "sdc": [
                      {
                        "disk_id": 67628489,
                        "disk_label": "Installer",
                        "volume_id": 0
                      }
                    ],
                    "sdd": [],
                    "sde": [],
                    "sdf": [],
                    "sdg": [],
                    "sdh": []
                  }
                ],
                "helpers": [
                  {
                    "devtmpfs_automount": false,
                    "distro": false,
                    "modules_dep": false,
                    "network": false,
                    "updatedb_disabled": false
                  }
                ],
                "interface": [],
                "kernel": "linode/direct-disk",
                "label": "Installer",
                "memory_limit": 0,
                "root_device": "/dev/sdc",
                "run_level": "default",
                "virt_mode": "paravirt"
              },
              {
                "comments": "",
                "devices": [
                  {
                    "sda": [
                      {
                        "disk_id": 67628503,
                        "disk_label": "NixOS",
                        "volume_id": 0
                      }
                    ],
                    "sdb": [
                      {
                        "disk_id": 67628494,
                        "disk_label": "Swap",
                        "volume_id": 0
                      }
                    ],
                    "sdc": [],
                    "sdd": [],
                    "sde": [],
                    "sdf": [],
                    "sdg": [],
                    "sdh": []
                  }
                ],
                "helpers": [
                  {
                    "devtmpfs_automount": false,
                    "distro": false,
                    "modules_dep": false,
                    "network": false,
                    "updatedb_disabled": false
                  }
                ],
                "interface": [],
                "kernel": "linode/grub2",
                "label": "Boot",
                "memory_limit": 0,
                "root_device": "",
                "run_level": "default",
                "virt_mode": "paravirt"
              }
            ],
            "disk": [
              {
                "authorized_keys": null,
                "authorized_users": null,
                "filesystem": "",
                "id": 0,
                "image": "",
                "label": "Installer",
                "read_only": false,
                "root_pass": "",
                "size": 1024,
                "stackscript_data": {},
                "stackscript_id": 0
              },
              {
                "authorized_keys": null,
                "authorized_users": null,
                "filesystem": "swap",
                "id": 0,
                "image": "",
                "label": "Swap",
                "read_only": false,
                "root_pass": "",
                "size": 512,
                "stackscript_data": {},
                "stackscript_id": 0
              },
              {
                "authorized_keys": null,
                "authorized_users": null,
                "filesystem": "",
                "id": 0,
                "image": "",
                "label": "NixOS",
                "read_only": false,
                "root_pass": "",
                "size": 24064,
                "stackscript_data": {},
                "stackscript_id": 0
              }
            ],
            "group": null,
            "id": "33584285",
            "image": null,
            "interface": [],
            "ip_address": "23.239.5.226",
            "ipv4": [
              "23.239.5.226"
            ],
            "ipv6": "2600:3c01::f03c:92ff:fe96:e058/128",
            "label": "nixos",
            "private_ip": null,
            "private_ip_address": null,
            "region": "us-west",
            "root_pass": null,
            "specs": null,
            "stackscript_data": null,
            "stackscript_id": null,
            "status": null,
            "swap_size": null,
            "tags": null,
            "timeouts": null,
            "type": "g6-nanode-1",
            "watchdog_enabled": true
          },
          "sensitive_attributes": [],
          "private": "eyJlMmJmYjczMC1lY2FhLTExZTYtOGY4OC0zNDM2M2JjN2M0YzAiOnsiY3JlYXRlIjo2MDAwMDAwMDAwMDAsImRlbGV0ZSI6NjAwMDAwMDAwMDAwLCJ1cGRhdGUiOjEyMDAwMDAwMDAwMDB9fQ=="
        }
      ]
    }
  ]
}
