{
  "version": 4,
  "terraform_version": "1.1.2",
  "serial": 144,
  "lineage": "ddf61696-3ecb-d02b-e55b-f62e6e58a1f7",
  "outputs": {},
  "resources": [
    {
      "mode": "managed",
      "type": "helm_release",
      "name": "cert_manager",
      "provider": "provider[\"registry.terraform.io/hashicorp/helm\"]",
      "instances": [
        {
          "schema_version": 0,
          "attributes": {
            "atomic": false,
            "chart": "cert-manager",
            "cleanup_on_fail": false,
            "create_namespace": false,
            "dependency_update": false,
            "description": null,
            "devel": null,
            "disable_crd_hooks": false,
            "disable_openapi_validation": false,
            "disable_webhooks": false,
            "force_update": false,
            "id": "cert-manager",
            "keyring": null,
            "lint": false,
            "manifest": null,
            "max_history": 0,
            "metadata": [
              {
                "app_version": "v1.6.1",
                "chart": "cert-manager",
                "name": "cert-manager",
                "namespace": "cert-manager",
                "revision": 1,
                "values": "{\"installCRDs\":true}",
                "version": "v1.6.1"
              }
            ],
            "name": "cert-manager",
            "namespace": "cert-manager",
            "postrender": [],
            "recreate_pods": false,
            "render_subchart_notes": true,
            "replace": false,
            "repository": "https://charts.jetstack.io",
            "repository_ca_file": null,
            "repository_cert_file": null,
            "repository_key_file": null,
            "repository_password": null,
            "repository_username": null,
            "reset_values": false,
            "reuse_values": false,
            "set": [
              {
                "name": "installCRDs",
                "type": "",
                "value": "true"
              }
            ],
            "set_sensitive": [],
            "skip_crds": false,
            "status": "deployed",
            "timeout": 300,
            "values": null,
            "verify": false,
            "version": "v1.6.1",
            "wait": true,
            "wait_for_jobs": false
          },
          "sensitive_attributes": [],
          "private": "bnVsbA==",
          "dependencies": [
            "kubernetes_namespace.cert_manager"
          ]
        }
      ]
    },
    {
      "mode": "managed",
      "type": "helm_release",
      "name": "ingress_nginx",
      "provider": "provider[\"registry.terraform.io/hashicorp/helm\"]",
      "instances": [
        {
          "schema_version": 0,
          "attributes": {
            "atomic": false,
            "chart": "ingress-nginx",
            "cleanup_on_fail": false,
            "create_namespace": false,
            "dependency_update": false,
            "description": null,
            "devel": null,
            "disable_crd_hooks": false,
            "disable_openapi_validation": false,
            "disable_webhooks": false,
            "force_update": false,
            "id": "ingress-nginx",
            "keyring": null,
            "lint": false,
            "manifest": null,
            "max_history": 0,
            "metadata": [
              {
                "app_version": "1.1.0",
                "chart": "ingress-nginx",
                "name": "ingress-nginx",
                "namespace": "default",
                "revision": 1,
                "values": "null",
                "version": "4.0.13"
              }
            ],
            "name": "ingress-nginx",
            "namespace": "default",
            "postrender": [],
            "recreate_pods": false,
            "render_subchart_notes": true,
            "replace": false,
            "repository": "https://kubernetes.github.io/ingress-nginx",
            "repository_ca_file": null,
            "repository_cert_file": null,
            "repository_key_file": null,
            "repository_password": null,
            "repository_username": null,
            "reset_values": false,
            "reuse_values": false,
            "set": [],
            "set_sensitive": [],
            "skip_crds": false,
            "status": "deployed",
            "timeout": 300,
            "values": null,
            "verify": false,
            "version": "4.0.13",
            "wait": true,
            "wait_for_jobs": false
          },
          "sensitive_attributes": [],
          "private": "bnVsbA=="
        }
      ]
    },
    {
      "mode": "managed",
      "type": "kubernetes_manifest",
      "name": "letsencrypt_prod",
      "provider": "provider[\"registry.terraform.io/hashicorp/kubernetes\"]",
      "instances": [
        {
          "schema_version": 1,
          "attributes": {
            "computed_fields": null,
            "field_manager": [],
            "manifest": {
              "value": {
                "apiVersion": "cert-manager.io/v1",
                "kind": "ClusterIssuer",
                "metadata": {
                  "name": "letsencrypt-prod"
                },
                "spec": {
                  "acme": {
                    "email": "alpha+lets.encrypt@kejadlen.dev",
                    "privateKeySecretRef": {
                      "name": "letsencrypt-prod"
                    },
                    "server": "https://acme-v02.api.letsencrypt.org/directory",
                    "solvers": [
                      {
                        "http01": {
                          "ingress": {
                            "class": "nginx"
                          }
                        },
                        "selector": {}
                      }
                    ]
                  }
                }
              },
              "type": [
                "object",
                {
                  "apiVersion": "string",
                  "kind": "string",
                  "metadata": [
                    "object",
                    {
                      "name": "string"
                    }
                  ],
                  "spec": [
                    "object",
                    {
                      "acme": [
                        "object",
                        {
                          "email": "string",
                          "privateKeySecretRef": [
                            "object",
                            {
                              "name": "string"
                            }
                          ],
                          "server": "string",
                          "solvers": [
                            "tuple",
                            [
                              [
                                "object",
                                {
                                  "http01": [
                                    "object",
                                    {
                                      "ingress": [
                                        "object",
                                        {
                                          "class": "string"
                                        }
                                      ]
                                    }
                                  ],
                                  "selector": [
                                    "object",
                                    {}
                                  ]
                                }
                              ]
                            ]
                          ]
                        }
                      ]
                    }
                  ]
                }
              ]
            },
            "object": {
              "value": {
                "apiVersion": "cert-manager.io/v1",
                "kind": "ClusterIssuer",
                "metadata": {
                  "annotations": null,
                  "clusterName": null,
                  "creationTimestamp": null,
                  "deletionGracePeriodSeconds": null,
                  "deletionTimestamp": null,
                  "finalizers": null,
                  "generateName": null,
                  "generation": null,
                  "labels": null,
                  "managedFields": null,
                  "name": "letsencrypt-prod",
                  "namespace": null,
                  "ownerReferences": null,
                  "resourceVersion": null,
                  "selfLink": null,
                  "uid": null
                },
                "spec": {
                  "acme": {
                    "disableAccountKeyGeneration": null,
                    "email": "alpha+lets.encrypt@kejadlen.dev",
                    "enableDurationFeature": null,
                    "externalAccountBinding": {
                      "keyAlgorithm": null,
                      "keyID": null,
                      "keySecretRef": {
                        "key": null,
                        "name": null
                      }
                    },
                    "preferredChain": "",
                    "privateKeySecretRef": {
                      "key": null,
                      "name": "letsencrypt-prod"
                    },
                    "server": "https://acme-v02.api.letsencrypt.org/directory",
                    "skipTLSVerify": null,
                    "solvers": [
                      {
                        "dns01": {
                          "acmeDNS": {
                            "accountSecretRef": {
                              "key": null,
                              "name": null
                            },
                            "host": null
                          },
                          "akamai": {
                            "accessTokenSecretRef": {
                              "key": null,
                              "name": null
                            },
                            "clientSecretSecretRef": {
                              "key": null,
                              "name": null
                            },
                            "clientTokenSecretRef": {
                              "key": null,
                              "name": null
                            },
                            "serviceConsumerDomain": null
                          },
                          "azureDNS": {
                            "clientID": null,
                            "clientSecretSecretRef": {
                              "key": null,
                              "name": null
                            },
                            "environment": null,
                            "hostedZoneName": null,
                            "managedIdentity": {
                              "clientID": null,
                              "resourceID": null
                            },
                            "resourceGroupName": null,
                            "subscriptionID": null,
                            "tenantID": null
                          },
                          "cloudDNS": {
                            "hostedZoneName": null,
                            "project": null,
                            "serviceAccountSecretRef": {
                              "key": null,
                              "name": null
                            }
                          },
                          "cloudflare": {
                            "apiKeySecretRef": {
                              "key": null,
                              "name": null
                            },
                            "apiTokenSecretRef": {
                              "key": null,
                              "name": null
                            },
                            "email": null
                          },
                          "cnameStrategy": null,
                          "digitalocean": {
                            "tokenSecretRef": {
                              "key": null,
                              "name": null
                            }
                          },
                          "rfc2136": {
                            "nameserver": null,
                            "tsigAlgorithm": null,
                            "tsigKeyName": null,
                            "tsigSecretSecretRef": {
                              "key": null,
                              "name": null
                            }
                          },
                          "route53": {
                            "accessKeyID": null,
                            "hostedZoneID": null,
                            "region": null,
                            "role": null,
                            "secretAccessKeySecretRef": {
                              "key": null,
                              "name": null
                            }
                          },
                          "webhook": {
                            "config": null,
                            "groupName": null,
                            "solverName": null
                          }
                        },
                        "http01": {
                          "gatewayHTTPRoute": {
                            "labels": null,
                            "serviceType": null
                          },
                          "ingress": {
                            "class": "nginx",
                            "ingressTemplate": {
                              "metadata": {
                                "annotations": null,
                                "labels": null
                              }
                            },
                            "name": null,
                            "podTemplate": {
                              "metadata": {
                                "annotations": null,
                                "labels": null
                              },
                              "spec": {
                                "affinity": {
                                  "nodeAffinity": {
                                    "preferredDuringSchedulingIgnoredDuringExecution": null,
                                    "requiredDuringSchedulingIgnoredDuringExecution": {
                                      "nodeSelectorTerms": null
                                    }
                                  },
                                  "podAffinity": {
                                    "preferredDuringSchedulingIgnoredDuringExecution": null,
                                    "requiredDuringSchedulingIgnoredDuringExecution": null
                                  },
                                  "podAntiAffinity": {
                                    "preferredDuringSchedulingIgnoredDuringExecution": null,
                                    "requiredDuringSchedulingIgnoredDuringExecution": null
                                  }
                                },
                                "nodeSelector": null,
                                "priorityClassName": null,
                                "serviceAccountName": null,
                                "tolerations": null
                              }
                            },
                            "serviceType": null
                          }
                        },
                        "selector": {
                          "dnsNames": null,
                          "dnsZones": null,
                          "matchLabels": null
                        }
                      }
                    ]
                  },
                  "ca": {
                    "crlDistributionPoints": null,
                    "ocspServers": null,
                    "secretName": null
                  },
                  "selfSigned": {
                    "crlDistributionPoints": null
                  },
                  "vault": {
                    "auth": {
                      "appRole": {
                        "path": null,
                        "roleId": null,
                        "secretRef": {
                          "key": null,
                          "name": null
                        }
                      },
                      "kubernetes": {
                        "mountPath": null,
                        "role": null,
                        "secretRef": {
                          "key": null,
                          "name": null
                        }
                      },
                      "tokenSecretRef": {
                        "key": null,
                        "name": null
                      }
                    },
                    "caBundle": null,
                    "namespace": null,
                    "path": null,
                    "server": null
                  },
                  "venafi": {
                    "cloud": {
                      "apiTokenSecretRef": {
                        "key": null,
                        "name": null
                      },
                      "url": null
                    },
                    "tpp": {
                      "caBundle": null,
                      "credentialsRef": {
                        "name": null
                      },
                      "url": null
                    },
                    "zone": null
                  }
                }
              },
              "type": [
                "object",
                {
                  "apiVersion": "string",
                  "kind": "string",
                  "metadata": [
                    "object",
                    {
                      "annotations": [
                        "map",
                        "string"
                      ],
                      "clusterName": "string",
                      "creationTimestamp": "string",
                      "deletionGracePeriodSeconds": "number",
                      "deletionTimestamp": "string",
                      "finalizers": [
                        "list",
                        "string"
                      ],
                      "generateName": "string",
                      "generation": "number",
                      "labels": [
                        "map",
                        "string"
                      ],
                      "managedFields": [
                        "list",
                        [
                          "object",
                          {
                            "apiVersion": "string",
                            "fieldsType": "string",
                            "fieldsV1": "dynamic",
                            "manager": "string",
                            "operation": "string",
                            "subresource": "string",
                            "time": "string"
                          }
                        ]
                      ],
                      "name": "string",
                      "namespace": "string",
                      "ownerReferences": [
                        "list",
                        [
                          "object",
                          {
                            "apiVersion": "string",
                            "blockOwnerDeletion": "bool",
                            "controller": "bool",
                            "kind": "string",
                            "name": "string",
                            "uid": "string"
                          }
                        ]
                      ],
                      "resourceVersion": "string",
                      "selfLink": "string",
                      "uid": "string"
                    }
                  ],
                  "spec": [
                    "object",
                    {
                      "acme": [
                        "object",
                        {
                          "disableAccountKeyGeneration": "bool",
                          "email": "string",
                          "enableDurationFeature": "bool",
                          "externalAccountBinding": [
                            "object",
                            {
                              "keyAlgorithm": "string",
                              "keyID": "string",
                              "keySecretRef": [
                                "object",
                                {
                                  "key": "string",
                                  "name": "string"
                                }
                              ]
                            }
                          ],
                          "preferredChain": "string",
                          "privateKeySecretRef": [
                            "object",
                            {
                              "key": "string",
                              "name": "string"
                            }
                          ],
                          "server": "string",
                          "skipTLSVerify": "bool",
                          "solvers": [
                            "list",
                            [
                              "object",
                              {
                                "dns01": [
                                  "object",
                                  {
                                    "acmeDNS": [
                                      "object",
                                      {
                                        "accountSecretRef": [
                                          "object",
                                          {
                                            "key": "string",
                                            "name": "string"
                                          }
                                        ],
                                        "host": "string"
                                      }
                                    ],
                                    "akamai": [
                                      "object",
                                      {
                                        "accessTokenSecretRef": [
                                          "object",
                                          {
                                            "key": "string",
                                            "name": "string"
                                          }
                                        ],
                                        "clientSecretSecretRef": [
                                          "object",
                                          {
                                            "key": "string",
                                            "name": "string"
                                          }
                                        ],
                                        "clientTokenSecretRef": [
                                          "object",
                                          {
                                            "key": "string",
                                            "name": "string"
                                          }
                                        ],
                                        "serviceConsumerDomain": "string"
                                      }
                                    ],
                                    "azureDNS": [
                                      "object",
                                      {
                                        "clientID": "string",
                                        "clientSecretSecretRef": [
                                          "object",
                                          {
                                            "key": "string",
                                            "name": "string"
                                          }
                                        ],
                                        "environment": "string",
                                        "hostedZoneName": "string",
                                        "managedIdentity": [
                                          "object",
                                          {
                                            "clientID": "string",
                                            "resourceID": "string"
                                          }
                                        ],
                                        "resourceGroupName": "string",
                                        "subscriptionID": "string",
                                        "tenantID": "string"
                                      }
                                    ],
                                    "cloudDNS": [
                                      "object",
                                      {
                                        "hostedZoneName": "string",
                                        "project": "string",
                                        "serviceAccountSecretRef": [
                                          "object",
                                          {
                                            "key": "string",
                                            "name": "string"
                                          }
                                        ]
                                      }
                                    ],
                                    "cloudflare": [
                                      "object",
                                      {
                                        "apiKeySecretRef": [
                                          "object",
                                          {
                                            "key": "string",
                                            "name": "string"
                                          }
                                        ],
                                        "apiTokenSecretRef": [
                                          "object",
                                          {
                                            "key": "string",
                                            "name": "string"
                                          }
                                        ],
                                        "email": "string"
                                      }
                                    ],
                                    "cnameStrategy": "string",
                                    "digitalocean": [
                                      "object",
                                      {
                                        "tokenSecretRef": [
                                          "object",
                                          {
                                            "key": "string",
                                            "name": "string"
                                          }
                                        ]
                                      }
                                    ],
                                    "rfc2136": [
                                      "object",
                                      {
                                        "nameserver": "string",
                                        "tsigAlgorithm": "string",
                                        "tsigKeyName": "string",
                                        "tsigSecretSecretRef": [
                                          "object",
                                          {
                                            "key": "string",
                                            "name": "string"
                                          }
                                        ]
                                      }
                                    ],
                                    "route53": [
                                      "object",
                                      {
                                        "accessKeyID": "string",
                                        "hostedZoneID": "string",
                                        "region": "string",
                                        "role": "string",
                                        "secretAccessKeySecretRef": [
                                          "object",
                                          {
                                            "key": "string",
                                            "name": "string"
                                          }
                                        ]
                                      }
                                    ],
                                    "webhook": [
                                      "object",
                                      {
                                        "config": "dynamic",
                                        "groupName": "string",
                                        "solverName": "string"
                                      }
                                    ]
                                  }
                                ],
                                "http01": [
                                  "object",
                                  {
                                    "gatewayHTTPRoute": [
                                      "object",
                                      {
                                        "labels": [
                                          "map",
                                          "string"
                                        ],
                                        "serviceType": "string"
                                      }
                                    ],
                                    "ingress": [
                                      "object",
                                      {
                                        "class": "string",
                                        "ingressTemplate": [
                                          "object",
                                          {
                                            "metadata": [
                                              "object",
                                              {
                                                "annotations": [
                                                  "map",
                                                  "string"
                                                ],
                                                "labels": [
                                                  "map",
                                                  "string"
                                                ]
                                              }
                                            ]
                                          }
                                        ],
                                        "name": "string",
                                        "podTemplate": [
                                          "object",
                                          {
                                            "metadata": [
                                              "object",
                                              {
                                                "annotations": [
                                                  "map",
                                                  "string"
                                                ],
                                                "labels": [
                                                  "map",
                                                  "string"
                                                ]
                                              }
                                            ],
                                            "spec": [
                                              "object",
                                              {
                                                "affinity": [
                                                  "object",
                                                  {
                                                    "nodeAffinity": [
                                                      "object",
                                                      {
                                                        "preferredDuringSchedulingIgnoredDuringExecution": [
                                                          "list",
                                                          [
                                                            "object",
                                                            {
                                                              "preference": [
                                                                "object",
                                                                {
                                                                  "matchExpressions": [
                                                                    "list",
                                                                    [
                                                                      "object",
                                                                      {
                                                                        "key": "string",
                                                                        "operator": "string",
                                                                        "values": [
                                                                          "list",
                                                                          "string"
                                                                        ]
                                                                      }
                                                                    ]
                                                                  ],
                                                                  "matchFields": [
                                                                    "list",
                                                                    [
                                                                      "object",
                                                                      {
                                                                        "key": "string",
                                                                        "operator": "string",
                                                                        "values": [
                                                                          "list",
                                                                          "string"
                                                                        ]
                                                                      }
                                                                    ]
                                                                  ]
                                                                }
                                                              ],
                                                              "weight": "number"
                                                            }
                                                          ]
                                                        ],
                                                        "requiredDuringSchedulingIgnoredDuringExecution": [
                                                          "object",
                                                          {
                                                            "nodeSelectorTerms": [
                                                              "list",
                                                              [
                                                                "object",
                                                                {
                                                                  "matchExpressions": [
                                                                    "list",
                                                                    [
                                                                      "object",
                                                                      {
                                                                        "key": "string",
                                                                        "operator": "string",
                                                                        "values": [
                                                                          "list",
                                                                          "string"
                                                                        ]
                                                                      }
                                                                    ]
                                                                  ],
                                                                  "matchFields": [
                                                                    "list",
                                                                    [
                                                                      "object",
                                                                      {
                                                                        "key": "string",
                                                                        "operator": "string",
                                                                        "values": [
                                                                          "list",
                                                                          "string"
                                                                        ]
                                                                      }
                                                                    ]
                                                                  ]
                                                                }
                                                              ]
                                                            ]
                                                          }
                                                        ]
                                                      }
                                                    ],
                                                    "podAffinity": [
                                                      "object",
                                                      {
                                                        "preferredDuringSchedulingIgnoredDuringExecution": [
                                                          "list",
                                                          [
                                                            "object",
                                                            {
                                                              "podAffinityTerm": [
                                                                "object",
                                                                {
                                                                  "labelSelector": [
                                                                    "object",
                                                                    {
                                                                      "matchExpressions": [
                                                                        "list",
                                                                        [
                                                                          "object",
                                                                          {
                                                                            "key": "string",
                                                                            "operator": "string",
                                                                            "values": [
                                                                              "list",
                                                                              "string"
                                                                            ]
                                                                          }
                                                                        ]
                                                                      ],
                                                                      "matchLabels": [
                                                                        "map",
                                                                        "string"
                                                                      ]
                                                                    }
                                                                  ],
                                                                  "namespaceSelector": [
                                                                    "object",
                                                                    {
                                                                      "matchExpressions": [
                                                                        "list",
                                                                        [
                                                                          "object",
                                                                          {
                                                                            "key": "string",
                                                                            "operator": "string",
                                                                            "values": [
                                                                              "list",
                                                                              "string"
                                                                            ]
                                                                          }
                                                                        ]
                                                                      ],
                                                                      "matchLabels": [
                                                                        "map",
                                                                        "string"
                                                                      ]
                                                                    }
                                                                  ],
                                                                  "namespaces": [
                                                                    "list",
                                                                    "string"
                                                                  ],
                                                                  "topologyKey": "string"
                                                                }
                                                              ],
                                                              "weight": "number"
                                                            }
                                                          ]
                                                        ],
                                                        "requiredDuringSchedulingIgnoredDuringExecution": [
                                                          "list",
                                                          [
                                                            "object",
                                                            {
                                                              "labelSelector": [
                                                                "object",
                                                                {
                                                                  "matchExpressions": [
                                                                    "list",
                                                                    [
                                                                      "object",
                                                                      {
                                                                        "key": "string",
                                                                        "operator": "string",
                                                                        "values": [
                                                                          "list",
                                                                          "string"
                                                                        ]
                                                                      }
                                                                    ]
                                                                  ],
                                                                  "matchLabels": [
                                                                    "map",
                                                                    "string"
                                                                  ]
                                                                }
                                                              ],
                                                              "namespaceSelector": [
                                                                "object",
                                                                {
                                                                  "matchExpressions": [
                                                                    "list",
                                                                    [
                                                                      "object",
                                                                      {
                                                                        "key": "string",
                                                                        "operator": "string",
                                                                        "values": [
                                                                          "list",
                                                                          "string"
                                                                        ]
                                                                      }
                                                                    ]
                                                                  ],
                                                                  "matchLabels": [
                                                                    "map",
                                                                    "string"
                                                                  ]
                                                                }
                                                              ],
                                                              "namespaces": [
                                                                "list",
                                                                "string"
                                                              ],
                                                              "topologyKey": "string"
                                                            }
                                                          ]
                                                        ]
                                                      }
                                                    ],
                                                    "podAntiAffinity": [
                                                      "object",
                                                      {
                                                        "preferredDuringSchedulingIgnoredDuringExecution": [
                                                          "list",
                                                          [
                                                            "object",
                                                            {
                                                              "podAffinityTerm": [
                                                                "object",
                                                                {
                                                                  "labelSelector": [
                                                                    "object",
                                                                    {
                                                                      "matchExpressions": [
                                                                        "list",
                                                                        [
                                                                          "object",
                                                                          {
                                                                            "key": "string",
                                                                            "operator": "string",
                                                                            "values": [
                                                                              "list",
                                                                              "string"
                                                                            ]
                                                                          }
                                                                        ]
                                                                      ],
                                                                      "matchLabels": [
                                                                        "map",
                                                                        "string"
                                                                      ]
                                                                    }
                                                                  ],
                                                                  "namespaceSelector": [
                                                                    "object",
                                                                    {
                                                                      "matchExpressions": [
                                                                        "list",
                                                                        [
                                                                          "object",
                                                                          {
                                                                            "key": "string",
                                                                            "operator": "string",
                                                                            "values": [
                                                                              "list",
                                                                              "string"
                                                                            ]
                                                                          }
                                                                        ]
                                                                      ],
                                                                      "matchLabels": [
                                                                        "map",
                                                                        "string"
                                                                      ]
                                                                    }
                                                                  ],
                                                                  "namespaces": [
                                                                    "list",
                                                                    "string"
                                                                  ],
                                                                  "topologyKey": "string"
                                                                }
                                                              ],
                                                              "weight": "number"
                                                            }
                                                          ]
                                                        ],
                                                        "requiredDuringSchedulingIgnoredDuringExecution": [
                                                          "list",
                                                          [
                                                            "object",
                                                            {
                                                              "labelSelector": [
                                                                "object",
                                                                {
                                                                  "matchExpressions": [
                                                                    "list",
                                                                    [
                                                                      "object",
                                                                      {
                                                                        "key": "string",
                                                                        "operator": "string",
                                                                        "values": [
                                                                          "list",
                                                                          "string"
                                                                        ]
                                                                      }
                                                                    ]
                                                                  ],
                                                                  "matchLabels": [
                                                                    "map",
                                                                    "string"
                                                                  ]
                                                                }
                                                              ],
                                                              "namespaceSelector": [
                                                                "object",
                                                                {
                                                                  "matchExpressions": [
                                                                    "list",
                                                                    [
                                                                      "object",
                                                                      {
                                                                        "key": "string",
                                                                        "operator": "string",
                                                                        "values": [
                                                                          "list",
                                                                          "string"
                                                                        ]
                                                                      }
                                                                    ]
                                                                  ],
                                                                  "matchLabels": [
                                                                    "map",
                                                                    "string"
                                                                  ]
                                                                }
                                                              ],
                                                              "namespaces": [
                                                                "list",
                                                                "string"
                                                              ],
                                                              "topologyKey": "string"
                                                            }
                                                          ]
                                                        ]
                                                      }
                                                    ]
                                                  }
                                                ],
                                                "nodeSelector": [
                                                  "map",
                                                  "string"
                                                ],
                                                "priorityClassName": "string",
                                                "serviceAccountName": "string",
                                                "tolerations": [
                                                  "list",
                                                  [
                                                    "object",
                                                    {
                                                      "effect": "string",
                                                      "key": "string",
                                                      "operator": "string",
                                                      "tolerationSeconds": "number",
                                                      "value": "string"
                                                    }
                                                  ]
                                                ]
                                              }
                                            ]
                                          }
                                        ],
                                        "serviceType": "string"
                                      }
                                    ]
                                  }
                                ],
                                "selector": [
                                  "object",
                                  {
                                    "dnsNames": [
                                      "list",
                                      "string"
                                    ],
                                    "dnsZones": [
                                      "list",
                                      "string"
                                    ],
                                    "matchLabels": [
                                      "map",
                                      "string"
                                    ]
                                  }
                                ]
                              }
                            ]
                          ]
                        }
                      ],
                      "ca": [
                        "object",
                        {
                          "crlDistributionPoints": [
                            "list",
                            "string"
                          ],
                          "ocspServers": [
                            "list",
                            "string"
                          ],
                          "secretName": "string"
                        }
                      ],
                      "selfSigned": [
                        "object",
                        {
                          "crlDistributionPoints": [
                            "list",
                            "string"
                          ]
                        }
                      ],
                      "vault": [
                        "object",
                        {
                          "auth": [
                            "object",
                            {
                              "appRole": [
                                "object",
                                {
                                  "path": "string",
                                  "roleId": "string",
                                  "secretRef": [
                                    "object",
                                    {
                                      "key": "string",
                                      "name": "string"
                                    }
                                  ]
                                }
                              ],
                              "kubernetes": [
                                "object",
                                {
                                  "mountPath": "string",
                                  "role": "string",
                                  "secretRef": [
                                    "object",
                                    {
                                      "key": "string",
                                      "name": "string"
                                    }
                                  ]
                                }
                              ],
                              "tokenSecretRef": [
                                "object",
                                {
                                  "key": "string",
                                  "name": "string"
                                }
                              ]
                            }
                          ],
                          "caBundle": "string",
                          "namespace": "string",
                          "path": "string",
                          "server": "string"
                        }
                      ],
                      "venafi": [
                        "object",
                        {
                          "cloud": [
                            "object",
                            {
                              "apiTokenSecretRef": [
                                "object",
                                {
                                  "key": "string",
                                  "name": "string"
                                }
                              ],
                              "url": "string"
                            }
                          ],
                          "tpp": [
                            "object",
                            {
                              "caBundle": "string",
                              "credentialsRef": [
                                "object",
                                {
                                  "name": "string"
                                }
                              ],
                              "url": "string"
                            }
                          ],
                          "zone": "string"
                        }
                      ]
                    }
                  ]
                }
              ]
            },
            "timeouts": [],
            "wait_for": null
          },
          "sensitive_attributes": []
        }
      ]
    },
    {
      "mode": "managed",
      "type": "kubernetes_manifest",
      "name": "letsencrypt_staging",
      "provider": "provider[\"registry.terraform.io/hashicorp/kubernetes\"]",
      "instances": [
        {
          "schema_version": 1,
          "attributes": {
            "computed_fields": null,
            "field_manager": [],
            "manifest": {
              "value": {
                "apiVersion": "cert-manager.io/v1",
                "kind": "ClusterIssuer",
                "metadata": {
                  "name": "letsencrypt-staging"
                },
                "spec": {
                  "acme": {
                    "email": "alpha+lets.encrypt@kejadlen.dev",
                    "privateKeySecretRef": {
                      "name": "letsencrypt-staging"
                    },
                    "server": "https://acme-staging-v02.api.letsencrypt.org/directory",
                    "solvers": [
                      {
                        "http01": {
                          "ingress": {
                            "class": "nginx"
                          }
                        },
                        "selector": {}
                      }
                    ]
                  }
                }
              },
              "type": [
                "object",
                {
                  "apiVersion": "string",
                  "kind": "string",
                  "metadata": [
                    "object",
                    {
                      "name": "string"
                    }
                  ],
                  "spec": [
                    "object",
                    {
                      "acme": [
                        "object",
                        {
                          "email": "string",
                          "privateKeySecretRef": [
                            "object",
                            {
                              "name": "string"
                            }
                          ],
                          "server": "string",
                          "solvers": [
                            "tuple",
                            [
                              [
                                "object",
                                {
                                  "http01": [
                                    "object",
                                    {
                                      "ingress": [
                                        "object",
                                        {
                                          "class": "string"
                                        }
                                      ]
                                    }
                                  ],
                                  "selector": [
                                    "object",
                                    {}
                                  ]
                                }
                              ]
                            ]
                          ]
                        }
                      ]
                    }
                  ]
                }
              ]
            },
            "object": {
              "value": {
                "apiVersion": "cert-manager.io/v1",
                "kind": "ClusterIssuer",
                "metadata": {
                  "annotations": null,
                  "clusterName": null,
                  "creationTimestamp": null,
                  "deletionGracePeriodSeconds": null,
                  "deletionTimestamp": null,
                  "finalizers": null,
                  "generateName": null,
                  "generation": null,
                  "labels": null,
                  "managedFields": null,
                  "name": "letsencrypt-staging",
                  "namespace": null,
                  "ownerReferences": null,
                  "resourceVersion": null,
                  "selfLink": null,
                  "uid": null
                },
                "spec": {
                  "acme": {
                    "disableAccountKeyGeneration": null,
                    "email": "alpha+lets.encrypt@kejadlen.dev",
                    "enableDurationFeature": null,
                    "externalAccountBinding": {
                      "keyAlgorithm": null,
                      "keyID": null,
                      "keySecretRef": {
                        "key": null,
                        "name": null
                      }
                    },
                    "preferredChain": "",
                    "privateKeySecretRef": {
                      "key": null,
                      "name": "letsencrypt-staging"
                    },
                    "server": "https://acme-staging-v02.api.letsencrypt.org/directory",
                    "skipTLSVerify": null,
                    "solvers": [
                      {
                        "dns01": {
                          "acmeDNS": {
                            "accountSecretRef": {
                              "key": null,
                              "name": null
                            },
                            "host": null
                          },
                          "akamai": {
                            "accessTokenSecretRef": {
                              "key": null,
                              "name": null
                            },
                            "clientSecretSecretRef": {
                              "key": null,
                              "name": null
                            },
                            "clientTokenSecretRef": {
                              "key": null,
                              "name": null
                            },
                            "serviceConsumerDomain": null
                          },
                          "azureDNS": {
                            "clientID": null,
                            "clientSecretSecretRef": {
                              "key": null,
                              "name": null
                            },
                            "environment": null,
                            "hostedZoneName": null,
                            "managedIdentity": {
                              "clientID": null,
                              "resourceID": null
                            },
                            "resourceGroupName": null,
                            "subscriptionID": null,
                            "tenantID": null
                          },
                          "cloudDNS": {
                            "hostedZoneName": null,
                            "project": null,
                            "serviceAccountSecretRef": {
                              "key": null,
                              "name": null
                            }
                          },
                          "cloudflare": {
                            "apiKeySecretRef": {
                              "key": null,
                              "name": null
                            },
                            "apiTokenSecretRef": {
                              "key": null,
                              "name": null
                            },
                            "email": null
                          },
                          "cnameStrategy": null,
                          "digitalocean": {
                            "tokenSecretRef": {
                              "key": null,
                              "name": null
                            }
                          },
                          "rfc2136": {
                            "nameserver": null,
                            "tsigAlgorithm": null,
                            "tsigKeyName": null,
                            "tsigSecretSecretRef": {
                              "key": null,
                              "name": null
                            }
                          },
                          "route53": {
                            "accessKeyID": null,
                            "hostedZoneID": null,
                            "region": null,
                            "role": null,
                            "secretAccessKeySecretRef": {
                              "key": null,
                              "name": null
                            }
                          },
                          "webhook": {
                            "config": null,
                            "groupName": null,
                            "solverName": null
                          }
                        },
                        "http01": {
                          "gatewayHTTPRoute": {
                            "labels": null,
                            "serviceType": null
                          },
                          "ingress": {
                            "class": "nginx",
                            "ingressTemplate": {
                              "metadata": {
                                "annotations": null,
                                "labels": null
                              }
                            },
                            "name": null,
                            "podTemplate": {
                              "metadata": {
                                "annotations": null,
                                "labels": null
                              },
                              "spec": {
                                "affinity": {
                                  "nodeAffinity": {
                                    "preferredDuringSchedulingIgnoredDuringExecution": null,
                                    "requiredDuringSchedulingIgnoredDuringExecution": {
                                      "nodeSelectorTerms": null
                                    }
                                  },
                                  "podAffinity": {
                                    "preferredDuringSchedulingIgnoredDuringExecution": null,
                                    "requiredDuringSchedulingIgnoredDuringExecution": null
                                  },
                                  "podAntiAffinity": {
                                    "preferredDuringSchedulingIgnoredDuringExecution": null,
                                    "requiredDuringSchedulingIgnoredDuringExecution": null
                                  }
                                },
                                "nodeSelector": null,
                                "priorityClassName": null,
                                "serviceAccountName": null,
                                "tolerations": null
                              }
                            },
                            "serviceType": null
                          }
                        },
                        "selector": {
                          "dnsNames": null,
                          "dnsZones": null,
                          "matchLabels": null
                        }
                      }
                    ]
                  },
                  "ca": {
                    "crlDistributionPoints": null,
                    "ocspServers": null,
                    "secretName": null
                  },
                  "selfSigned": {
                    "crlDistributionPoints": null
                  },
                  "vault": {
                    "auth": {
                      "appRole": {
                        "path": null,
                        "roleId": null,
                        "secretRef": {
                          "key": null,
                          "name": null
                        }
                      },
                      "kubernetes": {
                        "mountPath": null,
                        "role": null,
                        "secretRef": {
                          "key": null,
                          "name": null
                        }
                      },
                      "tokenSecretRef": {
                        "key": null,
                        "name": null
                      }
                    },
                    "caBundle": null,
                    "namespace": null,
                    "path": null,
                    "server": null
                  },
                  "venafi": {
                    "cloud": {
                      "apiTokenSecretRef": {
                        "key": null,
                        "name": null
                      },
                      "url": null
                    },
                    "tpp": {
                      "caBundle": null,
                      "credentialsRef": {
                        "name": null
                      },
                      "url": null
                    },
                    "zone": null
                  }
                }
              },
              "type": [
                "object",
                {
                  "apiVersion": "string",
                  "kind": "string",
                  "metadata": [
                    "object",
                    {
                      "annotations": [
                        "map",
                        "string"
                      ],
                      "clusterName": "string",
                      "creationTimestamp": "string",
                      "deletionGracePeriodSeconds": "number",
                      "deletionTimestamp": "string",
                      "finalizers": [
                        "list",
                        "string"
                      ],
                      "generateName": "string",
                      "generation": "number",
                      "labels": [
                        "map",
                        "string"
                      ],
                      "managedFields": [
                        "list",
                        [
                          "object",
                          {
                            "apiVersion": "string",
                            "fieldsType": "string",
                            "fieldsV1": "dynamic",
                            "manager": "string",
                            "operation": "string",
                            "subresource": "string",
                            "time": "string"
                          }
                        ]
                      ],
                      "name": "string",
                      "namespace": "string",
                      "ownerReferences": [
                        "list",
                        [
                          "object",
                          {
                            "apiVersion": "string",
                            "blockOwnerDeletion": "bool",
                            "controller": "bool",
                            "kind": "string",
                            "name": "string",
                            "uid": "string"
                          }
                        ]
                      ],
                      "resourceVersion": "string",
                      "selfLink": "string",
                      "uid": "string"
                    }
                  ],
                  "spec": [
                    "object",
                    {
                      "acme": [
                        "object",
                        {
                          "disableAccountKeyGeneration": "bool",
                          "email": "string",
                          "enableDurationFeature": "bool",
                          "externalAccountBinding": [
                            "object",
                            {
                              "keyAlgorithm": "string",
                              "keyID": "string",
                              "keySecretRef": [
                                "object",
                                {
                                  "key": "string",
                                  "name": "string"
                                }
                              ]
                            }
                          ],
                          "preferredChain": "string",
                          "privateKeySecretRef": [
                            "object",
                            {
                              "key": "string",
                              "name": "string"
                            }
                          ],
                          "server": "string",
                          "skipTLSVerify": "bool",
                          "solvers": [
                            "list",
                            [
                              "object",
                              {
                                "dns01": [
                                  "object",
                                  {
                                    "acmeDNS": [
                                      "object",
                                      {
                                        "accountSecretRef": [
                                          "object",
                                          {
                                            "key": "string",
                                            "name": "string"
                                          }
                                        ],
                                        "host": "string"
                                      }
                                    ],
                                    "akamai": [
                                      "object",
                                      {
                                        "accessTokenSecretRef": [
                                          "object",
                                          {
                                            "key": "string",
                                            "name": "string"
                                          }
                                        ],
                                        "clientSecretSecretRef": [
                                          "object",
                                          {
                                            "key": "string",
                                            "name": "string"
                                          }
                                        ],
                                        "clientTokenSecretRef": [
                                          "object",
                                          {
                                            "key": "string",
                                            "name": "string"
                                          }
                                        ],
                                        "serviceConsumerDomain": "string"
                                      }
                                    ],
                                    "azureDNS": [
                                      "object",
                                      {
                                        "clientID": "string",
                                        "clientSecretSecretRef": [
                                          "object",
                                          {
                                            "key": "string",
                                            "name": "string"
                                          }
                                        ],
                                        "environment": "string",
                                        "hostedZoneName": "string",
                                        "managedIdentity": [
                                          "object",
                                          {
                                            "clientID": "string",
                                            "resourceID": "string"
                                          }
                                        ],
                                        "resourceGroupName": "string",
                                        "subscriptionID": "string",
                                        "tenantID": "string"
                                      }
                                    ],
                                    "cloudDNS": [
                                      "object",
                                      {
                                        "hostedZoneName": "string",
                                        "project": "string",
                                        "serviceAccountSecretRef": [
                                          "object",
                                          {
                                            "key": "string",
                                            "name": "string"
                                          }
                                        ]
                                      }
                                    ],
                                    "cloudflare": [
                                      "object",
                                      {
                                        "apiKeySecretRef": [
                                          "object",
                                          {
                                            "key": "string",
                                            "name": "string"
                                          }
                                        ],
                                        "apiTokenSecretRef": [
                                          "object",
                                          {
                                            "key": "string",
                                            "name": "string"
                                          }
                                        ],
                                        "email": "string"
                                      }
                                    ],
                                    "cnameStrategy": "string",
                                    "digitalocean": [
                                      "object",
                                      {
                                        "tokenSecretRef": [
                                          "object",
                                          {
                                            "key": "string",
                                            "name": "string"
                                          }
                                        ]
                                      }
                                    ],
                                    "rfc2136": [
                                      "object",
                                      {
                                        "nameserver": "string",
                                        "tsigAlgorithm": "string",
                                        "tsigKeyName": "string",
                                        "tsigSecretSecretRef": [
                                          "object",
                                          {
                                            "key": "string",
                                            "name": "string"
                                          }
                                        ]
                                      }
                                    ],
                                    "route53": [
                                      "object",
                                      {
                                        "accessKeyID": "string",
                                        "hostedZoneID": "string",
                                        "region": "string",
                                        "role": "string",
                                        "secretAccessKeySecretRef": [
                                          "object",
                                          {
                                            "key": "string",
                                            "name": "string"
                                          }
                                        ]
                                      }
                                    ],
                                    "webhook": [
                                      "object",
                                      {
                                        "config": "dynamic",
                                        "groupName": "string",
                                        "solverName": "string"
                                      }
                                    ]
                                  }
                                ],
                                "http01": [
                                  "object",
                                  {
                                    "gatewayHTTPRoute": [
                                      "object",
                                      {
                                        "labels": [
                                          "map",
                                          "string"
                                        ],
                                        "serviceType": "string"
                                      }
                                    ],
                                    "ingress": [
                                      "object",
                                      {
                                        "class": "string",
                                        "ingressTemplate": [
                                          "object",
                                          {
                                            "metadata": [
                                              "object",
                                              {
                                                "annotations": [
                                                  "map",
                                                  "string"
                                                ],
                                                "labels": [
                                                  "map",
                                                  "string"
                                                ]
                                              }
                                            ]
                                          }
                                        ],
                                        "name": "string",
                                        "podTemplate": [
                                          "object",
                                          {
                                            "metadata": [
                                              "object",
                                              {
                                                "annotations": [
                                                  "map",
                                                  "string"
                                                ],
                                                "labels": [
                                                  "map",
                                                  "string"
                                                ]
                                              }
                                            ],
                                            "spec": [
                                              "object",
                                              {
                                                "affinity": [
                                                  "object",
                                                  {
                                                    "nodeAffinity": [
                                                      "object",
                                                      {
                                                        "preferredDuringSchedulingIgnoredDuringExecution": [
                                                          "list",
                                                          [
                                                            "object",
                                                            {
                                                              "preference": [
                                                                "object",
                                                                {
                                                                  "matchExpressions": [
                                                                    "list",
                                                                    [
                                                                      "object",
                                                                      {
                                                                        "key": "string",
                                                                        "operator": "string",
                                                                        "values": [
                                                                          "list",
                                                                          "string"
                                                                        ]
                                                                      }
                                                                    ]
                                                                  ],
                                                                  "matchFields": [
                                                                    "list",
                                                                    [
                                                                      "object",
                                                                      {
                                                                        "key": "string",
                                                                        "operator": "string",
                                                                        "values": [
                                                                          "list",
                                                                          "string"
                                                                        ]
                                                                      }
                                                                    ]
                                                                  ]
                                                                }
                                                              ],
                                                              "weight": "number"
                                                            }
                                                          ]
                                                        ],
                                                        "requiredDuringSchedulingIgnoredDuringExecution": [
                                                          "object",
                                                          {
                                                            "nodeSelectorTerms": [
                                                              "list",
                                                              [
                                                                "object",
                                                                {
                                                                  "matchExpressions": [
                                                                    "list",
                                                                    [
                                                                      "object",
                                                                      {
                                                                        "key": "string",
                                                                        "operator": "string",
                                                                        "values": [
                                                                          "list",
                                                                          "string"
                                                                        ]
                                                                      }
                                                                    ]
                                                                  ],
                                                                  "matchFields": [
                                                                    "list",
                                                                    [
                                                                      "object",
                                                                      {
                                                                        "key": "string",
                                                                        "operator": "string",
                                                                        "values": [
                                                                          "list",
                                                                          "string"
                                                                        ]
                                                                      }
                                                                    ]
                                                                  ]
                                                                }
                                                              ]
                                                            ]
                                                          }
                                                        ]
                                                      }
                                                    ],
                                                    "podAffinity": [
                                                      "object",
                                                      {
                                                        "preferredDuringSchedulingIgnoredDuringExecution": [
                                                          "list",
                                                          [
                                                            "object",
                                                            {
                                                              "podAffinityTerm": [
                                                                "object",
                                                                {
                                                                  "labelSelector": [
                                                                    "object",
                                                                    {
                                                                      "matchExpressions": [
                                                                        "list",
                                                                        [
                                                                          "object",
                                                                          {
                                                                            "key": "string",
                                                                            "operator": "string",
                                                                            "values": [
                                                                              "list",
                                                                              "string"
                                                                            ]
                                                                          }
                                                                        ]
                                                                      ],
                                                                      "matchLabels": [
                                                                        "map",
                                                                        "string"
                                                                      ]
                                                                    }
                                                                  ],
                                                                  "namespaceSelector": [
                                                                    "object",
                                                                    {
                                                                      "matchExpressions": [
                                                                        "list",
                                                                        [
                                                                          "object",
                                                                          {
                                                                            "key": "string",
                                                                            "operator": "string",
                                                                            "values": [
                                                                              "list",
                                                                              "string"
                                                                            ]
                                                                          }
                                                                        ]
                                                                      ],
                                                                      "matchLabels": [
                                                                        "map",
                                                                        "string"
                                                                      ]
                                                                    }
                                                                  ],
                                                                  "namespaces": [
                                                                    "list",
                                                                    "string"
                                                                  ],
                                                                  "topologyKey": "string"
                                                                }
                                                              ],
                                                              "weight": "number"
                                                            }
                                                          ]
                                                        ],
                                                        "requiredDuringSchedulingIgnoredDuringExecution": [
                                                          "list",
                                                          [
                                                            "object",
                                                            {
                                                              "labelSelector": [
                                                                "object",
                                                                {
                                                                  "matchExpressions": [
                                                                    "list",
                                                                    [
                                                                      "object",
                                                                      {
                                                                        "key": "string",
                                                                        "operator": "string",
                                                                        "values": [
                                                                          "list",
                                                                          "string"
                                                                        ]
                                                                      }
                                                                    ]
                                                                  ],
                                                                  "matchLabels": [
                                                                    "map",
                                                                    "string"
                                                                  ]
                                                                }
                                                              ],
                                                              "namespaceSelector": [
                                                                "object",
                                                                {
                                                                  "matchExpressions": [
                                                                    "list",
                                                                    [
                                                                      "object",
                                                                      {
                                                                        "key": "string",
                                                                        "operator": "string",
                                                                        "values": [
                                                                          "list",
                                                                          "string"
                                                                        ]
                                                                      }
                                                                    ]
                                                                  ],
                                                                  "matchLabels": [
                                                                    "map",
                                                                    "string"
                                                                  ]
                                                                }
                                                              ],
                                                              "namespaces": [
                                                                "list",
                                                                "string"
                                                              ],
                                                              "topologyKey": "string"
                                                            }
                                                          ]
                                                        ]
                                                      }
                                                    ],
                                                    "podAntiAffinity": [
                                                      "object",
                                                      {
                                                        "preferredDuringSchedulingIgnoredDuringExecution": [
                                                          "list",
                                                          [
                                                            "object",
                                                            {
                                                              "podAffinityTerm": [
                                                                "object",
                                                                {
                                                                  "labelSelector": [
                                                                    "object",
                                                                    {
                                                                      "matchExpressions": [
                                                                        "list",
                                                                        [
                                                                          "object",
                                                                          {
                                                                            "key": "string",
                                                                            "operator": "string",
                                                                            "values": [
                                                                              "list",
                                                                              "string"
                                                                            ]
                                                                          }
                                                                        ]
                                                                      ],
                                                                      "matchLabels": [
                                                                        "map",
                                                                        "string"
                                                                      ]
                                                                    }
                                                                  ],
                                                                  "namespaceSelector": [
                                                                    "object",
                                                                    {
                                                                      "matchExpressions": [
                                                                        "list",
                                                                        [
                                                                          "object",
                                                                          {
                                                                            "key": "string",
                                                                            "operator": "string",
                                                                            "values": [
                                                                              "list",
                                                                              "string"
                                                                            ]
                                                                          }
                                                                        ]
                                                                      ],
                                                                      "matchLabels": [
                                                                        "map",
                                                                        "string"
                                                                      ]
                                                                    }
                                                                  ],
                                                                  "namespaces": [
                                                                    "list",
                                                                    "string"
                                                                  ],
                                                                  "topologyKey": "string"
                                                                }
                                                              ],
                                                              "weight": "number"
                                                            }
                                                          ]
                                                        ],
                                                        "requiredDuringSchedulingIgnoredDuringExecution": [
                                                          "list",
                                                          [
                                                            "object",
                                                            {
                                                              "labelSelector": [
                                                                "object",
                                                                {
                                                                  "matchExpressions": [
                                                                    "list",
                                                                    [
                                                                      "object",
                                                                      {
                                                                        "key": "string",
                                                                        "operator": "string",
                                                                        "values": [
                                                                          "list",
                                                                          "string"
                                                                        ]
                                                                      }
                                                                    ]
                                                                  ],
                                                                  "matchLabels": [
                                                                    "map",
                                                                    "string"
                                                                  ]
                                                                }
                                                              ],
                                                              "namespaceSelector": [
                                                                "object",
                                                                {
                                                                  "matchExpressions": [
                                                                    "list",
                                                                    [
                                                                      "object",
                                                                      {
                                                                        "key": "string",
                                                                        "operator": "string",
                                                                        "values": [
                                                                          "list",
                                                                          "string"
                                                                        ]
                                                                      }
                                                                    ]
                                                                  ],
                                                                  "matchLabels": [
                                                                    "map",
                                                                    "string"
                                                                  ]
                                                                }
                                                              ],
                                                              "namespaces": [
                                                                "list",
                                                                "string"
                                                              ],
                                                              "topologyKey": "string"
                                                            }
                                                          ]
                                                        ]
                                                      }
                                                    ]
                                                  }
                                                ],
                                                "nodeSelector": [
                                                  "map",
                                                  "string"
                                                ],
                                                "priorityClassName": "string",
                                                "serviceAccountName": "string",
                                                "tolerations": [
                                                  "list",
                                                  [
                                                    "object",
                                                    {
                                                      "effect": "string",
                                                      "key": "string",
                                                      "operator": "string",
                                                      "tolerationSeconds": "number",
                                                      "value": "string"
                                                    }
                                                  ]
                                                ]
                                              }
                                            ]
                                          }
                                        ],
                                        "serviceType": "string"
                                      }
                                    ]
                                  }
                                ],
                                "selector": [
                                  "object",
                                  {
                                    "dnsNames": [
                                      "list",
                                      "string"
                                    ],
                                    "dnsZones": [
                                      "list",
                                      "string"
                                    ],
                                    "matchLabels": [
                                      "map",
                                      "string"
                                    ]
                                  }
                                ]
                              }
                            ]
                          ]
                        }
                      ],
                      "ca": [
                        "object",
                        {
                          "crlDistributionPoints": [
                            "list",
                            "string"
                          ],
                          "ocspServers": [
                            "list",
                            "string"
                          ],
                          "secretName": "string"
                        }
                      ],
                      "selfSigned": [
                        "object",
                        {
                          "crlDistributionPoints": [
                            "list",
                            "string"
                          ]
                        }
                      ],
                      "vault": [
                        "object",
                        {
                          "auth": [
                            "object",
                            {
                              "appRole": [
                                "object",
                                {
                                  "path": "string",
                                  "roleId": "string",
                                  "secretRef": [
                                    "object",
                                    {
                                      "key": "string",
                                      "name": "string"
                                    }
                                  ]
                                }
                              ],
                              "kubernetes": [
                                "object",
                                {
                                  "mountPath": "string",
                                  "role": "string",
                                  "secretRef": [
                                    "object",
                                    {
                                      "key": "string",
                                      "name": "string"
                                    }
                                  ]
                                }
                              ],
                              "tokenSecretRef": [
                                "object",
                                {
                                  "key": "string",
                                  "name": "string"
                                }
                              ]
                            }
                          ],
                          "caBundle": "string",
                          "namespace": "string",
                          "path": "string",
                          "server": "string"
                        }
                      ],
                      "venafi": [
                        "object",
                        {
                          "cloud": [
                            "object",
                            {
                              "apiTokenSecretRef": [
                                "object",
                                {
                                  "key": "string",
                                  "name": "string"
                                }
                              ],
                              "url": "string"
                            }
                          ],
                          "tpp": [
                            "object",
                            {
                              "caBundle": "string",
                              "credentialsRef": [
                                "object",
                                {
                                  "name": "string"
                                }
                              ],
                              "url": "string"
                            }
                          ],
                          "zone": "string"
                        }
                      ]
                    }
                  ]
                }
              ]
            },
            "timeouts": [],
            "wait_for": null
          },
          "sensitive_attributes": []
        }
      ]
    },
    {
      "mode": "managed",
      "type": "kubernetes_namespace",
      "name": "cert_manager",
      "provider": "provider[\"registry.terraform.io/hashicorp/kubernetes\"]",
      "instances": [
        {
          "schema_version": 0,
          "attributes": {
            "id": "cert-manager",
            "metadata": [
              {
                "annotations": {},
                "generate_name": "",
                "generation": 0,
                "labels": {},
                "name": "cert-manager",
                "resource_version": "1664",
                "uid": "843cd35b-2014-4635-9ace-3d8d1be7e361"
              }
            ],
            "timeouts": null
          },
          "sensitive_attributes": [],
          "private": "eyJlMmJmYjczMC1lY2FhLTExZTYtOGY4OC0zNDM2M2JjN2M0YzAiOnsiZGVsZXRlIjozMDAwMDAwMDAwMDB9fQ=="
        }
      ]
    },
    {
      "mode": "managed",
      "type": "linode_instance",
      "name": "subterranean_animism",
      "provider": "provider[\"registry.terraform.io/linode/linode\"]",
      "instances": [
        {
          "schema_version": 0,
          "attributes": {
            "alerts": [
              {
                "cpu": 90,
                "io": 10000,
                "network_in": 10,
                "network_out": 10,
                "transfer_quota": 80
              }
            ],
            "authorized_keys": null,
            "authorized_users": null,
            "backup_id": null,
            "backups": [
              {
                "enabled": false,
                "schedule": [
                  {
                    "day": "",
                    "window": ""
                  }
                ]
              }
            ],
            "backups_enabled": false,
            "boot_config_label": "Boot",
            "config": [
              {
                "comments": "",
                "devices": [
                  {
                    "sda": [
                      {
                        "disk_id": 67629892,
                        "disk_label": "NixOS",
                        "volume_id": 0
                      }
                    ],
                    "sdb": [
                      {
                        "disk_id": 67629888,
                        "disk_label": "Swap",
                        "volume_id": 0
                      }
                    ],
                    "sdc": [],
                    "sdd": [],
                    "sde": [],
                    "sdf": [],
                    "sdg": [],
                    "sdh": []
                  }
                ],
                "helpers": [
                  {
                    "devtmpfs_automount": false,
                    "distro": false,
                    "modules_dep": false,
                    "network": false,
                    "updatedb_disabled": false
                  }
                ],
                "interface": [],
                "kernel": "linode/grub2",
                "label": "Boot",
                "memory_limit": 0,
                "root_device": "/dev/sda",
                "run_level": "default",
                "virt_mode": "paravirt"
              }
            ],
            "disk": [
              {
                "authorized_keys": [],
                "authorized_users": [],
                "filesystem": "swap",
                "id": 67629888,
                "image": "",
                "label": "Swap",
                "read_only": false,
                "root_pass": "",
                "size": 512,
                "stackscript_data": {},
                "stackscript_id": 0
              },
              {
                "authorized_keys": [],
                "authorized_users": [],
                "filesystem": "ext4",
                "id": 67629892,
                "image": "",
                "label": "NixOS",
                "read_only": false,
                "root_pass": "",
                "size": 25088,
                "stackscript_data": {},
                "stackscript_id": 0
              }
            ],
            "group": "",
            "id": "33585020",
            "image": null,
            "interface": [],
            "ip_address": "45.33.35.179",
            "ipv4": [
              "45.33.35.179"
            ],
            "ipv6": "2600:3c01::f03c:92ff:fe96:d568/128",
            "label": "subterranean-animism",
            "private_ip": false,
            "private_ip_address": null,
            "region": "us-west",
            "root_pass": null,
            "specs": [
              {
                "disk": 25600,
                "memory": 1024,
                "transfer": 1000,
                "vcpus": 1
              }
            ],
            "stackscript_data": null,
            "stackscript_id": null,
            "status": "running",
            "swap_size": 512,
            "tags": [],
            "timeouts": null,
            "type": "g6-nanode-1",
            "watchdog_enabled": true
          },
          "sensitive_attributes": [],
          "private": "eyJlMmJmYjczMC1lY2FhLTExZTYtOGY4OC0zNDM2M2JjN2M0YzAiOnsiY3JlYXRlIjo2MDAwMDAwMDAwMDAsImRlbGV0ZSI6NjAwMDAwMDAwMDAwLCJ1cGRhdGUiOjEyMDAwMDAwMDAwMDB9fQ=="
        }
      ]
    }
  ]
}
