plugins:
  claude-md-management:
    marketplace: claude-plugins-official
    path: plugins/claude-md-management
    version: '1.0.0'
    rev: aa296ec81e8ccb49c9784f167c2c0aa625a86cec
  learning-opportunities:
    marketplace: learning-opportunities
    path: learning-opportunities
    version: '1.0.0'
    rev: '3890a30f0e3ae29fa8ead6444855228d8e39ad89'
