plugins:
  claude-md-management:
    src: https://github.com/anthropics/claude-plugins-official
    path: plugins/claude-md-management
    rev: '8deab8460a9d4df5a01315ef722a5ca6b061c074'
  learning-opportunities:
    src: https://github.com/DrCatHicks/learning-opportunities
    path: learning-opportunities
    rev: '3890a30f0e3ae29fa8ead6444855228d8e39ad89'
